
Microsoft Visual Studio Solution File, Format Version 12.00
# Visual Studio Version 16
VisualStudioVersion = 16.0.30711.63
MinimumVisualStudioVersion = 10.0.40219.1
Project("{2150E333-8FDC-42A3-9474-1A3956D46DE8}") = "src", "src", "{D428987C-F789-4E37-88B8-7455EB8F0CFD}"
EndProject
Project("{9A19103F-16F7-4668-BE54-9A1E7A4F7556}") = "LiqWorkflow", "src\LiqWorkflow\LiqWorkflow.csproj", "{46B4E6BF-2293-424A-87F5-8FDDAA38054C}"
EndProject
Project("{9A19103F-16F7-4668-BE54-9A1E7A4F7556}") = "LiqWorkflow.Abstractions", "src\LiqWorkflow.Abstractions\LiqWorkflow.Abstractions.csproj", "{BE7AB8B2-5223-4FE5-8918-ECAB2ED2EE7A}"
EndProject
Global
	GlobalSection(SolutionConfigurationPlatforms) = preSolution
		Debug|Any CPU = Debug|Any CPU
		Release|Any CPU = Release|Any CPU
	EndGlobalSection
	GlobalSection(ProjectConfigurationPlatforms) = postSolution
		{46B4E6BF-2293-424A-87F5-8FDDAA38054C}.Debug|Any CPU.ActiveCfg = Debug|Any CPU
		{46B4E6BF-2293-424A-87F5-8FDDAA38054C}.Debug|Any CPU.Build.0 = Debug|Any CPU
		{46B4E6BF-2293-424A-87F5-8FDDAA38054C}.Release|Any CPU.ActiveCfg = Release|Any CPU
		{46B4E6BF-2293-424A-87F5-8FDDAA38054C}.Release|Any CPU.Build.0 = Release|Any CPU
		{BE7AB8B2-5223-4FE5-8918-ECAB2ED2EE7A}.Debug|Any CPU.ActiveCfg = Debug|Any CPU
		{BE7AB8B2-5223-4FE5-8918-ECAB2ED2EE7A}.Debug|Any CPU.Build.0 = Debug|Any CPU
		{BE7AB8B2-5223-4FE5-8918-ECAB2ED2EE7A}.Release|Any CPU.ActiveCfg = Release|Any CPU
		{BE7AB8B2-5223-4FE5-8918-ECAB2ED2EE7A}.Release|Any CPU.Build.0 = Release|Any CPU
	EndGlobalSection
	GlobalSection(SolutionProperties) = preSolution
		HideSolutionNode = FALSE
	EndGlobalSection
	GlobalSection(NestedProjects) = preSolution
		{46B4E6BF-2293-424A-87F5-8FDDAA38054C} = {D428987C-F789-4E37-88B8-7455EB8F0CFD}
		{BE7AB8B2-5223-4FE5-8918-ECAB2ED2EE7A} = {D428987C-F789-4E37-88B8-7455EB8F0CFD}
	EndGlobalSection
	GlobalSection(ExtensibilityGlobals) = postSolution
		SolutionGuid = {8A753ACA-1B5E-4B4A-878E-D48C00D5C81D}
	EndGlobalSection
EndGlobal
